
Microsoft Visual Studio Solution File, Format Version 12.00
# Visual Studio Version 17
VisualStudioVersion = 17.0.31903.59
MinimumVisualStudioVersion = 10.0.40219.1
Project("{2150E333-8FDC-42A3-9474-1A3956D46DE8}") = "src", "src", "{DD8B945F-FE1F-4267-8A48-7254A80D52E9}"
EndProject
Project("{FAE04EC0-301F-11D3-BF4B-00C04F79EFBC}") = "KeyFactorDashboard", "src\KeyFactorDashboard\KeyFactorDashboard.csproj", "{82850209-F922-4BC3-B8E3-5AF1BFBB2E7D}"
EndProject
Project("{2150E333-8FDC-42A3-9474-1A3956D46DE8}") = "tests", "tests", "{58263DD8-8090-4C12-8F72-64CAA10EEF86}"
EndProject
Project("{FAE04EC0-301F-11D3-BF4B-00C04F79EFBC}") = "KeyFactorDashboard.Tests", "tests\KeyFactorDashboard.Tests\KeyFactorDashboard.Tests.csproj", "{0813267E-D53B-44A3-86BB-46C8AE5DE913}"
EndProject
Global
	GlobalSection(SolutionConfigurationPlatforms) = preSolution
		Debug|Any CPU = Debug|Any CPU
		Release|Any CPU = Release|Any CPU
	EndGlobalSection
	GlobalSection(SolutionProperties) = preSolution
		HideSolutionNode = FALSE
	EndGlobalSection
	GlobalSection(ProjectConfigurationPlatforms) = postSolution
		{82850209-F922-4BC3-B8E3-5AF1BFBB2E7D}.Debug|Any CPU.ActiveCfg = Debug|Any CPU
		{82850209-F922-4BC3-B8E3-5AF1BFBB2E7D}.Debug|Any CPU.Build.0 = Debug|Any CPU
		{82850209-F922-4BC3-B8E3-5AF1BFBB2E7D}.Release|Any CPU.ActiveCfg = Release|Any CPU
		{82850209-F922-4BC3-B8E3-5AF1BFBB2E7D}.Release|Any CPU.Build.0 = Release|Any CPU
		{0813267E-D53B-44A3-86BB-46C8AE5DE913}.Debug|Any CPU.ActiveCfg = Debug|Any CPU
		{0813267E-D53B-44A3-86BB-46C8AE5DE913}.Debug|Any CPU.Build.0 = Debug|Any CPU
		{0813267E-D53B-44A3-86BB-46C8AE5DE913}.Release|Any CPU.ActiveCfg = Release|Any CPU
		{0813267E-D53B-44A3-86BB-46C8AE5DE913}.Release|Any CPU.Build.0 = Release|Any CPU
	EndGlobalSection
	GlobalSection(NestedProjects) = preSolution
		{82850209-F922-4BC3-B8E3-5AF1BFBB2E7D} = {DD8B945F-FE1F-4267-8A48-7254A80D52E9}
		{0813267E-D53B-44A3-86BB-46C8AE5DE913} = {58263DD8-8090-4C12-8F72-64CAA10EEF86}
	EndGlobalSection
EndGlobal
